
Microsoft Visual Studio Solution File, Format Version 12.00
# Visual Studio Version 17
VisualStudioVersion = 17.4.33103.184
MinimumVisualStudioVersion = 10.0.40219.1
Project("{FAE04EC0-301F-11D3-BF4B-00C04F79EFBC}") = "PersonalAccounting.app", "PersonalAccounting.app\PersonalAccounting.app.csproj", "{67E3BA39-1785-4732-9731-A945FE468C7F}"
EndProject
Project("{FAE04EC0-301F-11D3-BF4B-00C04F79EFBC}") = "Accounting.DataLayer", "Accounting.DataLayer\Accounting.DataLayer.csproj", "{0A6868D6-3EEA-4528-AA9E-D5E90B34025F}"
EndProject
Project("{FAE04EC0-301F-11D3-BF4B-00C04F79EFBC}") = "Accounting.Business", "Accounting.Business\Accounting.Business.csproj", "{A163C7B7-D58F-4BC4-8038-735B64E76046}"
EndProject
Project("{FAE04EC0-301F-11D3-BF4B-00C04F79EFBC}") = "Accounting.Utility", "Accounting.Utility\Accounting.Utility.csproj", "{8A2194E0-762A-49CD-A669-C9223CB3610B}"
EndProject
Project("{FAE04EC0-301F-11D3-BF4B-00C04F79EFBC}") = "Accounting.ViewModel", "Accounting.ViewModel\Accounting.ViewModel.csproj", "{AC7D5EB9-37E8-49A5-9579-1FED15EB12A2}"
EndProject
Global
	GlobalSection(SolutionConfigurationPlatforms) = preSolution
		Debug|Any CPU = Debug|Any CPU
		Release|Any CPU = Release|Any CPU
	EndGlobalSection
	GlobalSection(ProjectConfigurationPlatforms) = postSolution
		{67E3BA39-1785-4732-9731-A945FE468C7F}.Debug|Any CPU.ActiveCfg = Debug|Any CPU
		{67E3BA39-1785-4732-9731-A945FE468C7F}.Debug|Any CPU.Build.0 = Debug|Any CPU
		{67E3BA39-1785-4732-9731-A945FE468C7F}.Release|Any CPU.ActiveCfg = Release|Any CPU
		{67E3BA39-1785-4732-9731-A945FE468C7F}.Release|Any CPU.Build.0 = Release|Any CPU
		{0A6868D6-3EEA-4528-AA9E-D5E90B34025F}.Debug|Any CPU.ActiveCfg = Debug|Any CPU
		{0A6868D6-3EEA-4528-AA9E-D5E90B34025F}.Debug|Any CPU.Build.0 = Debug|Any CPU
		{0A6868D6-3EEA-4528-AA9E-D5E90B34025F}.Release|Any CPU.ActiveCfg = Release|Any CPU
		{0A6868D6-3EEA-4528-AA9E-D5E90B34025F}.Release|Any CPU.Build.0 = Release|Any CPU
		{A163C7B7-D58F-4BC4-8038-735B64E76046}.Debug|Any CPU.ActiveCfg = Debug|Any CPU
		{A163C7B7-D58F-4BC4-8038-735B64E76046}.Debug|Any CPU.Build.0 = Debug|Any CPU
		{A163C7B7-D58F-4BC4-8038-735B64E76046}.Release|Any CPU.ActiveCfg = Release|Any CPU
		{A163C7B7-D58F-4BC4-8038-735B64E76046}.Release|Any CPU.Build.0 = Release|Any CPU
		{8A2194E0-762A-49CD-A669-C9223CB3610B}.Debug|Any CPU.ActiveCfg = Debug|Any CPU
		{8A2194E0-762A-49CD-A669-C9223CB3610B}.Debug|Any CPU.Build.0 = Debug|Any CPU
		{8A2194E0-762A-49CD-A669-C9223CB3610B}.Release|Any CPU.ActiveCfg = Release|Any CPU
		{8A2194E0-762A-49CD-A669-C9223CB3610B}.Release|Any CPU.Build.0 = Release|Any CPU
		{AC7D5EB9-37E8-49A5-9579-1FED15EB12A2}.Debug|Any CPU.ActiveCfg = Debug|Any CPU
		{AC7D5EB9-37E8-49A5-9579-1FED15EB12A2}.Debug|Any CPU.Build.0 = Debug|Any CPU
		{AC7D5EB9-37E8-49A5-9579-1FED15EB12A2}.Release|Any CPU.ActiveCfg = Release|Any CPU
		{AC7D5EB9-37E8-49A5-9579-1FED15EB12A2}.Release|Any CPU.Build.0 = Release|Any CPU
	EndGlobalSection
	GlobalSection(SolutionProperties) = preSolution
		HideSolutionNode = FALSE
	EndGlobalSection
	GlobalSection(ExtensibilityGlobals) = postSolution
		SolutionGuid = {DCCC5BC0-E39C-44F9-86B5-00CA810914EF}
	EndGlobalSection
EndGlobal
